trainme:
  cmd: python train.py
  deps:
  - path: users.csv
    md5: 5febbef14389ebcfc3e501fa1091adcb
  params:
    params.yaml:
      dense: 512
      epochs: 5
      log_file: plots.csv
  outs:
  - path: logs
    md5: 52a6e6a3af83f1bd127a249cec82d9fb.dir
  - path: plots.csv
    md5: 6123fe5bec7d0f489242784f8b988c02
  - path: summary.json
    md5: d22507b4d4bfc41d8339ce5003343e86
