trainme:
  cmd: python train.py
  deps:
  - path: users.csv
    md5: 5febbef14389ebcfc3e501fa1091adcb
  params:
    params.yaml:
      dense: 128
      epochs: 5
      log_file: plots.csv
  outs:
  - path: logs
    md5: 0207712963c353fb6f5dffd20e6f27b2.dir
  - path: plots.csv
    md5: 131d45861e2f8b4795f3c84814658d35
  - path: summary.json
    md5: 758c1958703e104fde31047b94e61b29
